
Microsoft Visual Studio Solution File, Format Version 12.00
# Visual Studio Version 17
VisualStudioVersion = 17.10.35013.160
MinimumVisualStudioVersion = 10.0.40219.1
Project("{FAE04EC0-301F-11D3-BF4B-00C04F79EFBC}") = "vb", "vb.csproj", "{5C53B644-F57F-4B81-8A4C-5D985F9B7EB8}"
EndProject
Global
	GlobalSection(SolutionConfigurationPlatforms) = preSolution
		Debug|Any CPU = Debug|Any CPU
		Release|Any CPU = Release|Any CPU
	EndGlobalSection
	GlobalSection(ProjectConfigurationPlatforms) = postSolution
		{5C53B644-F57F-4B81-8A4C-5D985F9B7EB8}.Debug|Any CPU.ActiveCfg = Debug|Any CPU
		{5C53B644-F57F-4B81-8A4C-5D985F9B7EB8}.Debug|Any CPU.Build.0 = Debug|Any CPU
		{5C53B644-F57F-4B81-8A4C-5D985F9B7EB8}.Release|Any CPU.ActiveCfg = Release|Any CPU
		{5C53B644-F57F-4B81-8A4C-5D985F9B7EB8}.Release|Any CPU.Build.0 = Release|Any CPU
	EndGlobalSection
	GlobalSection(SolutionProperties) = preSolution
		HideSolutionNode = FALSE
	EndGlobalSection
	GlobalSection(ExtensibilityGlobals) = postSolution
		SolutionGuid = {6E4520EB-820A-4476-8E6E-D003F9C1BCF3}
	EndGlobalSection
EndGlobal
